# DO NOT EDIT MANUALLY - Managed by Fern Replay
version: "1.0"
generations:
  - commit_sha: e98139065faf1c924d339e84654c5cf6ca4a2292
    tree_hash: 242e4e9515fc75a261ff8840980b8e82d0f2ae97
    timestamp: 2026-05-28T19:18:49.070Z
    cli_version: unknown
    generator_versions: {}
current_generation: e98139065faf1c924d339e84654c5cf6ca4a2292
patches: []
